dependencies:
  espressif/cjson:
    component_hash: e788323270d90738662d66fffa910bfe1fba019bba087f01557e70c40485b469
    dependencies:
    - name: idf
      require: private
      version: '>=5.0'
    source:
      registry_url: https://components.espressif.com
      type: service
    version: 1.7.19~2
  espressif/dl_fft:
    component_hash: ced3cf28cc70452b7859c06f4e5059215167254a2047e34c893d6f501ccd6ea2
    dependencies:
    - name: idf
      require: private
      version: '>=5.0'
    source:
      registry_url: https://components.espressif.com
      type: service
    version: 0.4.0
  espressif/esp-dsp:
    component_hash: 12e44db246517a627bc0fe2b255b8335410c0215c98bfba2df5a8e3edea839ef
    dependencies:
    - name: idf
      require: private
      version: '>=4.2'
    source:
      registry_url: https://components.espressif.com
      type: service
    version: 1.8.0
  espressif/esp-sr:
    component_hash: e89fce9c0afe1b6782a9fbc65b5fc2ba5841ed4a39704d08414aad891ccce1a3
    dependencies:
    - name: espressif/cjson
      registry_url: https://components.espressif.com
      require: private
      version: ^1.7.19
    - name: espressif/dl_fft
      registry_url: https://components.espressif.com
      require: private
      version: '>=0.2.0'
    - name: espressif/esp-dsp
      registry_url: https://components.espressif.com
      require: private
      version: 1.8.0
    - name: idf
      require: private
      version: '>=5.0'
    source:
      registry_url: https://components.espressif.com/
      type: service
    version: 2.4.4
  espressif/esp_audio_codec:
    component_hash: 16e2880dbdd5a72264051f750f33a6e5a38fd25621c83e3a32a85a152d2d2643
    dependencies:
    - name: idf
      require: private
      version: '>=4.4'
    source:
      registry_url: https://components.espressif.com/
      type: service
    version: 2.5.0
  espressif/esp_codec_dev:
    component_hash: 896c67360ae1f8dedaf8a53dfe48c015317fa455f061a5165307892296990028
    dependencies:
    - name: idf
      require: private
      version: '>=4.0'
    source:
      registry_url: https://components.espressif.com/
      type: service
    version: 1.5.10
  espressif/esp_libsrtp:
    component_hash: 131560184c73ec09f77d8904a2db709307803f0f9f111898921b6966776eac15
    dependencies: []
    source:
      registry_url: https://components.espressif.com
      type: service
    version: 1.0.0
  espressif/esp_peer:
    component_hash: 2013edcc7d88756830055a74d86a3900f484d6015aacb820a6b7d81e53c7b05b
    dependencies:
    - name: espressif/esp_libsrtp
      registry_url: https://components.espressif.com
      require: private
      version: ^1.0.0
    source:
      registry_url: https://components.espressif.com/
      type: service
    version: 1.4.1
  idf:
    source:
      type: idf
    version: 5.3.5
  joltwallet/littlefs:
    component_hash: 29eff7921c4e8bce021aeb7fff2723bfcafed661756de700646ea0f6223c2a32
    dependencies:
    - name: idf
      require: private
      version: '>=5.0'
    source:
      registry_url: https://components.espressif.com/
      type: service
    version: 1.21.1
direct_dependencies:
- espressif/esp-sr
- espressif/esp_audio_codec
- espressif/esp_codec_dev
- espressif/esp_peer
- joltwallet/littlefs
manifest_hash: e6a38208569f9a94d0bd4394525bd321fb8419441d5187e600b4c0acda02adc0
target: esp32s3
version: 2.0.0
